
Microsoft Visual Studio Solution File, Format Version 12.00
# Visual Studio Version 17
VisualStudioVersion = 17.5.002.0
MinimumVisualStudioVersion = 10.0.40219.1
Project("{9A19103F-16F7-4668-BE54-9A1E7A4F7556}") = "Example001_Hello_Console", "Example001_Hello_Console\Example001_Hello_Console.csproj", "{C9B50504-70D3-4668-BEE5-164AD5E445F1}"
EndProject
Project("{9A19103F-16F7-4668-BE54-9A1E7A4F7556}") = "Example002_Hello_User", "Example002_Hello_User\Example002_Hello_User.csproj", "{D2732A23-B5EF-45BD-98EC-941BAD8F0565}"
EndProject
Project("{9A19103F-16F7-4668-BE54-9A1E7A4F7556}") = "Example003_Sum", "Example003_Sum\Example003_Sum.csproj", "{63E43982-7848-468C-B60D-C33CCCF7B443}"
EndProject
Project("{9A19103F-16F7-4668-BE54-9A1E7A4F7556}") = "Example004_Div", "Example004_Div\Example004_Div.csproj", "{A70C8E82-AF17-49C1-903D-D4981DCBC4D9}"
EndProject
Global
	GlobalSection(SolutionConfigurationPlatforms) = preSolution
		Debug|Any CPU = Debug|Any CPU
		Release|Any CPU = Release|Any CPU
	EndGlobalSection
	GlobalSection(ProjectConfigurationPlatforms) = postSolution
		{C9B50504-70D3-4668-BEE5-164AD5E445F1}.Debug|Any CPU.ActiveCfg = Debug|Any CPU
		{C9B50504-70D3-4668-BEE5-164AD5E445F1}.Debug|Any CPU.Build.0 = Debug|Any CPU
		{C9B50504-70D3-4668-BEE5-164AD5E445F1}.Release|Any CPU.ActiveCfg = Release|Any CPU
		{C9B50504-70D3-4668-BEE5-164AD5E445F1}.Release|Any CPU.Build.0 = Release|Any CPU
		{D2732A23-B5EF-45BD-98EC-941BAD8F0565}.Debug|Any CPU.ActiveCfg = Debug|Any CPU
		{D2732A23-B5EF-45BD-98EC-941BAD8F0565}.Debug|Any CPU.Build.0 = Debug|Any CPU
		{D2732A23-B5EF-45BD-98EC-941BAD8F0565}.Release|Any CPU.ActiveCfg = Release|Any CPU
		{D2732A23-B5EF-45BD-98EC-941BAD8F0565}.Release|Any CPU.Build.0 = Release|Any CPU
		{63E43982-7848-468C-B60D-C33CCCF7B443}.Debug|Any CPU.ActiveCfg = Debug|Any CPU
		{63E43982-7848-468C-B60D-C33CCCF7B443}.Debug|Any CPU.Build.0 = Debug|Any CPU
		{63E43982-7848-468C-B60D-C33CCCF7B443}.Release|Any CPU.ActiveCfg = Release|Any CPU
		{63E43982-7848-468C-B60D-C33CCCF7B443}.Release|Any CPU.Build.0 = Release|Any CPU
		{A70C8E82-AF17-49C1-903D-D4981DCBC4D9}.Debug|Any CPU.ActiveCfg = Debug|Any CPU
		{A70C8E82-AF17-49C1-903D-D4981DCBC4D9}.Debug|Any CPU.Build.0 = Debug|Any CPU
		{A70C8E82-AF17-49C1-903D-D4981DCBC4D9}.Release|Any CPU.ActiveCfg = Release|Any CPU
		{A70C8E82-AF17-49C1-903D-D4981DCBC4D9}.Release|Any CPU.Build.0 = Release|Any CPU
	EndGlobalSection
	GlobalSection(SolutionProperties) = preSolution
		HideSolutionNode = FALSE
	EndGlobalSection
	GlobalSection(ExtensibilityGlobals) = postSolution
		SolutionGuid = {591D9E43-21E2-44FC-8B1A-B1AEC2F5AB19}
	EndGlobalSection
EndGlobal
